
Microsoft Visual Studio Solution File, Format Version 12.00
# Visual Studio 2012
Project("{FAE04EC0-301F-11D3-BF4B-00C04F79EFBC}") = "Sampleproject", "Sampleproject\Sampleproject.csproj", "{b75b2232-d2c0-4449-9b19-499be07e91b7}"
EndProject
Global
	GlobalSection(SolutionConfigurationPlatforms) = preSolution
		Debug|Any CPU = Debug|Any CPU
		Release|Any CPU = Release|Any CPU
	EndGlobalSection
	GlobalSection(ProjectConfigurationPlatforms) = postSolution
		{B75B2232-D2C0-4449-9B19-499BE07E91B7}.Debug|Any CPU.ActiveCfg = Debug|Any CPU
		{B75B2232-D2C0-4449-9B19-499BE07E91B7}.Debug|Any CPU.Build.0 = Debug|Any CPU
		{B75B2232-D2C0-4449-9B19-499BE07E91B7}.Release|Any CPU.ActiveCfg = Release|Any CPU
		{B75B2232-D2C0-4449-9B19-499BE07E91B7}.Release|Any CPU.Build.0 = Release|Any CPU
	EndGlobalSection
EndGlobal
